
Microsoft Visual Studio Solution File, Format Version 12.00
# Visual Studio Version 17
VisualStudioVersion = 17.0.31903.59
MinimumVisualStudioVersion = 10.0.40219.1
Project("{FAE04EC0-301F-11D3-BF4B-00C04F79EFBC}") = "LibHaru", "csharp\LibHaru\LibHaru.csproj", "{4D221DE5-21D9-446D-B606-E6AE990FA2EA}"
EndProject
Project("{FAE04EC0-301F-11D3-BF4B-00C04F79EFBC}") = "LibHaru.SmokeTests", "csharp\LibHaru.SmokeTests\LibHaru.SmokeTests.csproj", "{6A823F04-C501-4598-A365-7BD5E07AB48B}"
EndProject
Global
	GlobalSection(SolutionConfigurationPlatforms) = preSolution
		Debug|Any CPU = Debug|Any CPU
		Debug|x64 = Debug|x64
		Debug|x86 = Debug|x86
		Release|Any CPU = Release|Any CPU
		Release|x64 = Release|x64
		Release|x86 = Release|x86
	EndGlobalSection
	GlobalSection(ProjectConfigurationPlatforms) = postSolution
		{4D221DE5-21D9-446D-B606-E6AE990FA2EA}.Debug|Any CPU.ActiveCfg = Debug|Any CPU
		{4D221DE5-21D9-446D-B606-E6AE990FA2EA}.Debug|Any CPU.Build.0 = Debug|Any CPU
		{4D221DE5-21D9-446D-B606-E6AE990FA2EA}.Debug|x64.ActiveCfg = Debug|Any CPU
		{4D221DE5-21D9-446D-B606-E6AE990FA2EA}.Debug|x64.Build.0 = Debug|Any CPU
		{4D221DE5-21D9-446D-B606-E6AE990FA2EA}.Debug|x86.ActiveCfg = Debug|Any CPU
		{4D221DE5-21D9-446D-B606-E6AE990FA2EA}.Debug|x86.Build.0 = Debug|Any CPU
		{4D221DE5-21D9-446D-B606-E6AE990FA2EA}.Release|Any CPU.ActiveCfg = Release|Any CPU
		{4D221DE5-21D9-446D-B606-E6AE990FA2EA}.Release|Any CPU.Build.0 = Release|Any CPU
		{4D221DE5-21D9-446D-B606-E6AE990FA2EA}.Release|x64.ActiveCfg = Release|Any CPU
		{4D221DE5-21D9-446D-B606-E6AE990FA2EA}.Release|x64.Build.0 = Release|Any CPU
		{4D221DE5-21D9-446D-B606-E6AE990FA2EA}.Release|x86.ActiveCfg = Release|Any CPU
		{4D221DE5-21D9-446D-B606-E6AE990FA2EA}.Release|x86.Build.0 = Release|Any CPU
		{6A823F04-C501-4598-A365-7BD5E07AB48B}.Debug|Any CPU.ActiveCfg = Debug|Any CPU
		{6A823F04-C501-4598-A365-7BD5E07AB48B}.Debug|Any CPU.Build.0 = Debug|Any CPU
		{6A823F04-C501-4598-A365-7BD5E07AB48B}.Debug|x64.ActiveCfg = Debug|Any CPU
		{6A823F04-C501-4598-A365-7BD5E07AB48B}.Debug|x64.Build.0 = Debug|Any CPU
		{6A823F04-C501-4598-A365-7BD5E07AB48B}.Debug|x86.ActiveCfg = Debug|Any CPU
		{6A823F04-C501-4598-A365-7BD5E07AB48B}.Debug|x86.Build.0 = Debug|Any CPU
		{6A823F04-C501-4598-A365-7BD5E07AB48B}.Release|Any CPU.ActiveCfg = Release|Any CPU
		{6A823F04-C501-4598-A365-7BD5E07AB48B}.Release|Any CPU.Build.0 = Release|Any CPU
		{6A823F04-C501-4598-A365-7BD5E07AB48B}.Release|x64.ActiveCfg = Release|Any CPU
		{6A823F04-C501-4598-A365-7BD5E07AB48B}.Release|x64.Build.0 = Release|Any CPU
		{6A823F04-C501-4598-A365-7BD5E07AB48B}.Release|x86.ActiveCfg = Release|Any CPU
		{6A823F04-C501-4598-A365-7BD5E07AB48B}.Release|x86.Build.0 = Release|Any CPU
	EndGlobalSection
	GlobalSection(SolutionProperties) = preSolution
		HideSolutionNode = FALSE
	EndGlobalSection
	GlobalSection(ExtensibilityGlobals) = postSolution
		SolutionGuid = {5626E2DA-CCCA-4E03-B233-A2F382AEE2B2}
	EndGlobalSection
EndGlobal
